// !$*UTF8*$!
{
	archiveVersion = 1;
	classes = {
	};
	objectVersion = 77;
	objects = {

/* Begin PBXBuildFile section */
		F71DD54D3023297400135A65 /* xCloudApp.swift in Sources */ = {isa = PBXBuildFile; fileRef = F71DD54C3023297400135A65 /* xCloudApp.swift */; };
		F71DD57930232A9500135A65 /* AppState.swift in Sources */ = {isa = PBXBuildFile; fileRef = F71DD57830232A8D00135A65 /* AppState.swift */; };
		F71DD57C30232B4500135A65 /* RootView.swift in Sources */ = {isa = PBXBuildFile; fileRef = F71DD57B30232B4500135A65 /* RootView.swift */; };
		F71DD57E30232BBF00135A65 /* SidebarView.swift in Sources */ = {isa = PBXBuildFile; fileRef = F71DD57D30232BBF00135A65 /* SidebarView.swift */; };
		F71DD58030232BDC00135A65 /* AppBackground.swift in Sources */ = {isa = PBXBuildFile; fileRef = F71DD57F30232BDC00135A65 /* AppBackground.swift */; };
		F71DD58830232FF300135A65 /* XTheme.swift in Sources */ = {isa = PBXBuildFile; fileRef = F71DD58730232FF300135A65 /* XTheme.swift */; };
		F71DD58A3023304400135A65 /* GlassCard.swift in Sources */ = {isa = PBXBuildFile; fileRef = F71DD5893023304400135A65 /* GlassCard.swift */; };
		F71DD58C3023306500135A65 /* GlassButtonStyle.swift in Sources */ = {isa = PBXBuildFile; fileRef = F71DD58B3023306500135A65 /* GlassButtonStyle.swift */; };
		F783B6513023365500326355 /* GRDB in Frameworks */ = {isa = PBXBuildFile; productRef = F783B6503023365500326355 /* GRDB */; };
		F783B662302340F500326355 /* TDLibKit in Frameworks */ = {isa = PBXBuildFile; productRef = F783B661302340F500326355 /* TDLibKit */; };
		F7C0FF00000000000000A002 /* MPVKit in Frameworks */ = {isa = PBXBuildFile; productRef = F7C0FF00000000000000A001 /* MPVKit */; };
		F783B6683023416F00326355 /* TelegramSetupView.swift in Sources */ = {isa = PBXBuildFile; fileRef = F783B6673023416F00326355 /* TelegramSetupView.swift */; };
		F783B66A3023476900326355 /* LoginView.swift in Sources */ = {isa = PBXBuildFile; fileRef = F783B6693023476900326355 /* LoginView.swift */; };
		F783B672302364AF00326355 /* FileBrowserView.swift in Sources */ = {isa = PBXBuildFile; fileRef = F783B671302364AF00326355 /* FileBrowserView.swift */; };
		F783B67830236D5C00326355 /* TerminationHandler.swift in Sources */ = {isa = PBXBuildFile; fileRef = F783B67730236D5C00326355 /* TerminationHandler.swift */; };
		F783B67D3023700000326355 /* VideoPlaybackView.swift in Sources */ = {isa = PBXBuildFile; fileRef = F783B67E3023700000326355 /* VideoPlaybackView.swift */; };
		F7C0FF00000000000000A011 /* MPVVideoView.swift in Sources */ = {isa = PBXBuildFile; fileRef = F7C0FF00000000000000A010 /* MPVVideoView.swift */; };
		F783B6853023800000326355 /* TransfersView.swift in Sources */ = {isa = PBXBuildFile; fileRef = F783B6863023800000326355 /* TransfersView.swift */; };
		F783B68C3023900000326355 /* ActiveTransferHUD.swift in Sources */ = {isa = PBXBuildFile; fileRef = F783B68D3023900000326355 /* ActiveTransferHUD.swift */; };
		F783B6933024000000326355 /* SettingsView.swift in Sources */ = {isa = PBXBuildFile; fileRef = F783B6943024000000326355 /* SettingsView.swift */; };
		F783B6953024000000326355 /* OnboardingView.swift in Sources */ = {isa = PBXBuildFile; fileRef = F783B6963024000000326355 /* OnboardingView.swift */; };
		F783B6973024000000326355 /* AboutView.swift in Sources */ = {isa = PBXBuildFile; fileRef = F783B6983024000000326355 /* AboutView.swift */; };
		F783B69D3023700000326355 /* TheaterView.swift in Sources */ = {isa = PBXBuildFile; fileRef = F783B69E3023700000326355 /* TheaterView.swift */; };
		F783B6A13024000000326355 /* MiniPlayerView.swift in Sources */ = {isa = PBXBuildFile; fileRef = F783B6A23024000000326355 /* MiniPlayerView.swift */; };
		F783B6A33024000000326355 /* MiniTransfersView.swift in Sources */ = {isa = PBXBuildFile; fileRef = F783B6A43024000000326355 /* MiniTransfersView.swift */; };
		F783B6A53024000000326355 /* LiquidMorphingFAB.swift in Sources */ = {isa = PBXBuildFile; fileRef = F783B6A63024000000326355 /* LiquidMorphingFAB.swift */; };
		F783B7013025000000326355 /* NotesView.swift in Sources */ = {isa = PBXBuildFile; fileRef = F783B7023025000000326355 /* NotesView.swift */; };
		F783B7033025000000326355 /* NoteEditorSheet.swift in Sources */ = {isa = PBXBuildFile; fileRef = F783B7043025000000326355 /* NoteEditorSheet.swift */; };
		F7A1B00100000000000000A1 /* BookReaderView.swift in Sources */ = {isa = PBXBuildFile; fileRef = F7A1B00100000000000000B1 /* BookReaderView.swift */; };
		F7A1B00200000000000000A1 /* PhotosGridView.swift in Sources */ = {isa = PBXBuildFile; fileRef = F7A1B00200000000000000B1 /* PhotosGridView.swift */; };
		F7A1B00300000000000000A1 /* VideosGridView.swift in Sources */ = {isa = PBXBuildFile; fileRef = F7A1B00300000000000000B1 /* VideosGridView.swift */; };
		F7A1B00400000000000000A1 /* MediaGridShared.swift in Sources */ = {isa = PBXBuildFile; fileRef = F7A1B00400000000000000B1 /* MediaGridShared.swift */; };
/* End PBXBuildFile section */

/* Begin PBXContainerItemProxy section */
		F71DD5573023297500135A65 /* PBXContainerItemProxy */ = {
			isa = PBXContainerItemProxy;
			containerPortal = F71DD5413023297400135A65 /* Project object */;
			proxyType = 1;
			remoteGlobalIDString = F71DD5483023297400135A65;
			remoteInfo = xCloud;
		};
		F71DD5613023297500135A65 /* PBXContainerItemProxy */ = {
			isa = PBXContainerItemProxy;
			containerPortal = F71DD5413023297400135A65 /* Project object */;
			proxyType = 1;
			remoteGlobalIDString = F71DD5483023297400135A65;
			remoteInfo = xCloud;
		};
/* End PBXContainerItemProxy section */

/* Begin PBXFileReference section */
		F71DD5493023297400135A65 /* xCloud.app */ = {isa = PBXFileReference; explicitFileType = wrapper.application; includeInIndex = 0; path = xCloud.app; sourceTree = BUILT_PRODUCTS_DIR; };
		F71DD54C3023297400135A65 /* xCloudApp.swift */ = {isa = PBXFileReference; lastKnownFileType = sourcecode.swift; path = xCloudApp.swift; sourceTree = "<group>"; };
		F71DD5563023297500135A65 /* xCloudTests.xctest */ = {isa = PBXFileReference; explicitFileType = wrapper.cfbundle; includeInIndex = 0; path = xCloudTests.xctest; sourceTree = BUILT_PRODUCTS_DIR; };
		F71DD5603023297500135A65 /* xCloudUITests.xctest */ = {isa = PBXFileReference; explicitFileType = wrapper.cfbundle; includeInIndex = 0; path = xCloudUITests.xctest; sourceTree = BUILT_PRODUCTS_DIR; };
		F71DD57830232A8D00135A65 /* AppState.swift */ = {isa = PBXFileReference; lastKnownFileType = sourcecode.swift; path = AppState.swift; sourceTree = "<group>"; };
		F71DD57B30232B4500135A65 /* RootView.swift */ = {isa = PBXFileReference; lastKnownFileType = sourcecode.swift; path = RootView.swift; sourceTree = "<group>"; };
		F71DD57D30232BBF00135A65 /* SidebarView.swift */ = {isa = PBXFileReference; lastKnownFileType = sourcecode.swift; path = SidebarView.swift; sourceTree = "<group>"; };
		F71DD57F30232BDC00135A65 /* AppBackground.swift */ = {isa = PBXFileReference; lastKnownFileType = sourcecode.swift; path = AppBackground.swift; sourceTree = "<group>"; };
		F71DD58730232FF300135A65 /* XTheme.swift */ = {isa = PBXFileReference; lastKnownFileType = sourcecode.swift; path = XTheme.swift; sourceTree = "<group>"; };
		F71DD5893023304400135A65 /* GlassCard.swift */ = {isa = PBXFileReference; lastKnownFileType = sourcecode.swift; path = GlassCard.swift; sourceTree = "<group>"; };
		F71DD58B3023306500135A65 /* GlassButtonStyle.swift */ = {isa = PBXFileReference; lastKnownFileType = sourcecode.swift; path = GlassButtonStyle.swift; sourceTree = "<group>"; };
		F783B6673023416F00326355 /* TelegramSetupView.swift */ = {isa = PBXFileReference; lastKnownFileType = sourcecode.swift; path = TelegramSetupView.swift; sourceTree = "<group>"; };
		F783B6693023476900326355 /* LoginView.swift */ = {isa = PBXFileReference; lastKnownFileType = sourcecode.swift; path = LoginView.swift; sourceTree = "<group>"; };
		F783B671302364AF00326355 /* FileBrowserView.swift */ = {isa = PBXFileReference; lastKnownFileType = sourcecode.swift; path = FileBrowserView.swift; sourceTree = "<group>"; };
		F7A1B00100000000000000B1 /* BookReaderView.swift */ = {isa = PBXFileReference; lastKnownFileType = sourcecode.swift; path = BookReaderView.swift; sourceTree = "<group>"; };
		F7A1B00200000000000000B1 /* PhotosGridView.swift */ = {isa = PBXFileReference; lastKnownFileType = sourcecode.swift; path = PhotosGridView.swift; sourceTree = "<group>"; };
		F7A1B00300000000000000B1 /* VideosGridView.swift */ = {isa = PBXFileReference; lastKnownFileType = sourcecode.swift; path = VideosGridView.swift; sourceTree = "<group>"; };
		F7A1B00400000000000000B1 /* MediaGridShared.swift */ = {isa = PBXFileReference; lastKnownFileType = sourcecode.swift; path = MediaGridShared.swift; sourceTree = "<group>"; };
		F783B67730236D5C00326355 /* TerminationHandler.swift */ = {isa = PBXFileReference; lastKnownFileType = sourcecode.swift; path = TerminationHandler.swift; sourceTree = "<group>"; };
		F783B67E3023700000326355 /* VideoPlaybackView.swift */ = {isa = PBXFileReference; lastKnownFileType = sourcecode.swift; path = VideoPlaybackView.swift; sourceTree = "<group>"; };
		F783B6863023800000326355 /* TransfersView.swift */ = {isa = PBXFileReference; lastKnownFileType = sourcecode.swift; path = TransfersView.swift; sourceTree = "<group>"; };
		F783B68D3023900000326355 /* ActiveTransferHUD.swift */ = {isa = PBXFileReference; lastKnownFileType = sourcecode.swift; path = ActiveTransferHUD.swift; sourceTree = "<group>"; };
		F783B6943024000000326355 /* SettingsView.swift */ = {isa = PBXFileReference; lastKnownFileType = sourcecode.swift; path = SettingsView.swift; sourceTree = "<group>"; };
		F783B6963024000000326355 /* OnboardingView.swift */ = {isa = PBXFileReference; lastKnownFileType = sourcecode.swift; path = OnboardingView.swift; sourceTree = "<group>"; };
		F783B6983024000000326355 /* AboutView.swift */ = {isa = PBXFileReference; lastKnownFileType = sourcecode.swift; path = AboutView.swift; sourceTree = "<group>"; };
		F783B69E3023700000326355 /* TheaterView.swift */ = {isa = PBXFileReference; lastKnownFileType = sourcecode.swift; path = TheaterView.swift; sourceTree = "<group>"; };
		F783B6A23024000000326355 /* MiniPlayerView.swift */ = {isa = PBXFileReference; lastKnownFileType = sourcecode.swift; path = MiniPlayerView.swift; sourceTree = "<group>"; };
		F783B6A43024000000326355 /* MiniTransfersView.swift */ = {isa = PBXFileReference; lastKnownFileType = sourcecode.swift; path = MiniTransfersView.swift; sourceTree = "<group>"; };
		F783B6A63024000000326355 /* LiquidMorphingFAB.swift */ = {isa = PBXFileReference; lastKnownFileType = sourcecode.swift; path = LiquidMorphingFAB.swift; sourceTree = "<group>"; };
		F783B7023025000000326355 /* NotesView.swift */ = {isa = PBXFileReference; lastKnownFileType = sourcecode.swift; path = NotesView.swift; sourceTree = "<group>"; };
		F783B7043025000000326355 /* NoteEditorSheet.swift */ = {isa = PBXFileReference; lastKnownFileType = sourcecode.swift; path = NoteEditorSheet.swift; sourceTree = "<group>"; };
		F7C0FF00000000000000A010 /* MPVVideoView.swift */ = {isa = PBXFileReference; lastKnownFileType = sourcecode.swift; path = MPVVideoView.swift; sourceTree = "<group>"; };
/* End PBXFileReference section */

/* Begin PBXFileSystemSynchronizedRootGroup section */
		F71DD54B3023297400135A65 /* xCloud */ = {
			isa = PBXFileSystemSynchronizedRootGroup;
			path = xCloud;
			sourceTree = "<group>";
		};
		F71DD5593023297500135A65 /* xCloudTests */ = {
			isa = PBXFileSystemSynchronizedRootGroup;
			path = xCloudTests;
			sourceTree = "<group>";
		};
		F71DD5633023297500135A65 /* xCloudUITests */ = {
			isa = PBXFileSystemSynchronizedRootGroup;
			path = xCloudUITests;
			sourceTree = "<group>";
		};
		F783B6483023338700326355 /* Storage */ = {
			isa = PBXFileSystemSynchronizedRootGroup;
			path = Storage;
			sourceTree = "<group>";
		};
		F783B6523023381000326355 /* Engine */ = {
			isa = PBXFileSystemSynchronizedRootGroup;
			path = Engine;
			sourceTree = "<group>";
		};
		F783B65B3023390F00326355 /* Crypto */ = {
			isa = PBXFileSystemSynchronizedRootGroup;
			path = Crypto;
			sourceTree = "<group>";
		};
		F783B6633023411100326355 /* Telegram */ = {
			isa = PBXFileSystemSynchronizedRootGroup;
			path = Telegram;
			sourceTree = "<group>";
		};
/* End PBXFileSystemSynchronizedRootGroup section */

/* Begin PBXFrameworksBuildPhase section */
		F71DD5463023297400135A65 /* Frameworks */ = {
			isa = PBXFrameworksBuildPhase;
			buildActionMask = 2147483647;
			files = (
				F783B6513023365500326355 /* GRDB in Frameworks */,
				F783B662302340F500326355 /* TDLibKit in Frameworks */,
				F7C0FF00000000000000A002 /* MPVKit in Frameworks */,
			);
			runOnlyForDeploymentPostprocessing = 0;
		};
		F71DD5533023297500135A65 /* Frameworks */ = {
			isa = PBXFrameworksBuildPhase;
			buildActionMask = 2147483647;
			files = (
			);
			runOnlyForDeploymentPostprocessing = 0;
		};
		F71DD55D3023297500135A65 /* Frameworks */ = {
			isa = PBXFrameworksBuildPhase;
			buildActionMask = 2147483647;
			files = (
			);
			runOnlyForDeploymentPostprocessing = 0;
		};
/* End PBXFrameworksBuildPhase section */

/* Begin PBXGroup section */
		F71DD5403023297400135A65 = {
			isa = PBXGroup;
			children = (
				F783B6633023411100326355 /* Telegram */,
				F783B65B3023390F00326355 /* Crypto */,
				F783B6523023381000326355 /* Engine */,
				F783B6483023338700326355 /* Storage */,
				F71DD54B3023297400135A65 /* xCloud */,
				F71DD5593023297500135A65 /* xCloudTests */,
				F71DD5633023297500135A65 /* xCloudUITests */,
				F71DD54A3023297400135A65 /* Products */,
				F71DD57330232A1600135A65 /* App */,
				F71DD57530232A3400135A65 /* Design */,
				F71DD57730232A5800135A65 /* Features */,
			);
			sourceTree = "<group>";
		};
		F71DD54A3023297400135A65 /* Products */ = {
			isa = PBXGroup;
			children = (
				F71DD5493023297400135A65 /* xCloud.app */,
				F71DD5563023297500135A65 /* xCloudTests.xctest */,
				F71DD5603023297500135A65 /* xCloudUITests.xctest */,
			);
			name = Products;
			sourceTree = "<group>";
		};
		F71DD57330232A1600135A65 /* App */ = {
			isa = PBXGroup;
			children = (
				F71DD54C3023297400135A65 /* xCloudApp.swift */,
				F71DD57830232A8D00135A65 /* AppState.swift */,
				F783B67730236D5C00326355 /* TerminationHandler.swift */,
			);
			path = App;
			sourceTree = "<group>";
		};
		F71DD57530232A3400135A65 /* Design */ = {
			isa = PBXGroup;
			children = (
				F71DD57F30232BDC00135A65 /* AppBackground.swift */,
				F71DD58730232FF300135A65 /* XTheme.swift */,
				F71DD5893023304400135A65 /* GlassCard.swift */,
				F71DD58B3023306500135A65 /* GlassButtonStyle.swift */,
			);
			path = Design;
			sourceTree = "<group>";
		};
		F71DD57730232A5800135A65 /* Features */ = {
			isa = PBXGroup;
			children = (
				F71DD57B30232B4500135A65 /* RootView.swift */,
				F71DD57D30232BBF00135A65 /* SidebarView.swift */,
				F783B6673023416F00326355 /* TelegramSetupView.swift */,
				F783B6693023476900326355 /* LoginView.swift */,
				F783B671302364AF00326355 /* FileBrowserView.swift */,
				F783B67E3023700000326355 /* VideoPlaybackView.swift */,
				F783B69E3023700000326355 /* TheaterView.swift */,
				F783B6863023800000326355 /* TransfersView.swift */,
				F783B68D3023900000326355 /* ActiveTransferHUD.swift */,
				F783B6943024000000326355 /* SettingsView.swift */,
				F783B6963024000000326355 /* OnboardingView.swift */,
				F783B6983024000000326355 /* AboutView.swift */,
				F783B6A23024000000326355 /* MiniPlayerView.swift */,
				F783B6A43024000000326355 /* MiniTransfersView.swift */,
				F783B6A63024000000326355 /* LiquidMorphingFAB.swift */,
				F783B7023025000000326355 /* NotesView.swift */,
				F783B7043025000000326355 /* NoteEditorSheet.swift */,
				F7A1B00100000000000000B1 /* BookReaderView.swift */,
				F7A1B00200000000000000B1 /* PhotosGridView.swift */,
				F7A1B00300000000000000B1 /* VideosGridView.swift */,
				F7A1B00400000000000000B1 /* MediaGridShared.swift */,
				F7C0FF00000000000000A010 /* MPVVideoView.swift */,
			);
			path = Features;
			sourceTree = "<group>";
		};
/* End PBXGroup section */

/* Begin PBXNativeTarget section */
		F71DD5483023297400135A65 /* xCloud */ = {
			isa = PBXNativeTarget;
			buildConfigurationList = F71DD56A3023297500135A65 /* Build configuration list for PBXNativeTarget "xCloud" */;
			buildPhases = (
				F71DD5453023297400135A65 /* Sources */,
				F71DD5463023297400135A65 /* Frameworks */,
				F71DD5473023297400135A65 /* Resources */,
			);
			buildRules = (
			);
			dependencies = (
			);
			fileSystemSynchronizedGroups = (
				F71DD54B3023297400135A65 /* xCloud */,
				F783B6483023338700326355 /* Storage */,
				F783B6523023381000326355 /* Engine */,
				F783B65B3023390F00326355 /* Crypto */,
				F783B6633023411100326355 /* Telegram */,
			);
			name = xCloud;
			packageProductDependencies = (
				F783B6503023365500326355 /* GRDB */,
				F783B661302340F500326355 /* TDLibKit */,
				F7C0FF00000000000000A001 /* MPVKit */,
			);
			productName = xCloud;
			productReference = F71DD5493023297400135A65 /* xCloud.app */;
			productType = "com.apple.product-type.application";
		};
		F71DD5553023297500135A65 /* xCloudTests */ = {
			isa = PBXNativeTarget;
			buildConfigurationList = F71DD56D3023297500135A65 /* Build configuration list for PBXNativeTarget "xCloudTests" */;
			buildPhases = (
				F71DD5523023297500135A65 /* Sources */,
				F71DD5533023297500135A65 /* Frameworks */,
				F71DD5543023297500135A65 /* Resources */,
			);
			buildRules = (
			);
			dependencies = (
				F71DD5583023297500135A65 /* PBXTargetDependency */,
			);
			fileSystemSynchronizedGroups = (
				F71DD5593023297500135A65 /* xCloudTests */,
			);
			name = xCloudTests;
			packageProductDependencies = (
			);
			productName = xCloudTests;
			productReference = F71DD5563023297500135A65 /* xCloudTests.xctest */;
			productType = "com.apple.product-type.bundle.unit-test";
		};
		F71DD55F3023297500135A65 /* xCloudUITests */ = {
			isa = PBXNativeTarget;
			buildConfigurationList = F71DD5703023297500135A65 /* Build configuration list for PBXNativeTarget "xCloudUITests" */;
			buildPhases = (
				F71DD55C3023297500135A65 /* Sources */,
				F71DD55D3023297500135A65 /* Frameworks */,
				F71DD55E3023297500135A65 /* Resources */,
			);
			buildRules = (
			);
			dependencies = (
				F71DD5623023297500135A65 /* PBXTargetDependency */,
			);
			fileSystemSynchronizedGroups = (
				F71DD5633023297500135A65 /* xCloudUITests */,
			);
			name = xCloudUITests;
			packageProductDependencies = (
			);
			productName = xCloudUITests;
			productReference = F71DD5603023297500135A65 /* xCloudUITests.xctest */;
			productType = "com.apple.product-type.bundle.ui-testing";
		};
/* End PBXNativeTarget section */

/* Begin PBXProject section */
		F71DD5413023297400135A65 /* Project object */ = {
			isa = PBXProject;
			attributes = {
				BuildIndependentTargetsInParallel = 1;
				LastSwiftUpdateCheck = 2660;
				LastUpgradeCheck = 2660;
				TargetAttributes = {
					F71DD5483023297400135A65 = {
						CreatedOnToolsVersion = 26.6;
					};
					F71DD5553023297500135A65 = {
						CreatedOnToolsVersion = 26.6;
						TestTargetID = F71DD5483023297400135A65;
					};
					F71DD55F3023297500135A65 = {
						CreatedOnToolsVersion = 26.6;
						TestTargetID = F71DD5483023297400135A65;
					};
				};
			};
			buildConfigurationList = F71DD5443023297400135A65 /* Build configuration list for PBXProject "xCloud" */;
			developmentRegion = en;
			hasScannedForEncodings = 0;
			knownRegions = (
				en,
				Base,
			);
			mainGroup = F71DD5403023297400135A65;
			minimizedProjectReferenceProxies = 1;
			packageReferences = (
				F783B64F3023365500326355 /* XCRemoteSwiftPackageReference "GRDB" */,
				F783B660302340F500326355 /* XCRemoteSwiftPackageReference "TDLibKit" */,
				F7C0FF00000000000000A000 /* XCLocalSwiftPackageReference "LocalPackages/LocalMPVKit" */,
			);
			preferredProjectObjectVersion = 77;
			productRefGroup = F71DD54A3023297400135A65 /* Products */;
			projectDirPath = "";
			projectRoot = "";
			targets = (
				F71DD5483023297400135A65 /* xCloud */,
				F71DD5553023297500135A65 /* xCloudTests */,
				F71DD55F3023297500135A65 /* xCloudUITests */,
			);
		};
/* End PBXProject section */

/* Begin PBXResourcesBuildPhase section */
		F71DD5473023297400135A65 /* Resources */ = {
			isa = PBXResourcesBuildPhase;
			buildActionMask = 2147483647;
			files = (
			);
			runOnlyForDeploymentPostprocessing = 0;
		};
		F71DD5543023297500135A65 /* Resources */ = {
			isa = PBXResourcesBuildPhase;
			buildActionMask = 2147483647;
			files = (
			);
			runOnlyForDeploymentPostprocessing = 0;
		};
		F71DD55E3023297500135A65 /* Resources */ = {
			isa = PBXResourcesBuildPhase;
			buildActionMask = 2147483647;
			files = (
			);
			runOnlyForDeploymentPostprocessing = 0;
		};
/* End PBXResourcesBuildPhase section */

/* Begin PBXSourcesBuildPhase section */
		F71DD5453023297400135A65 /* Sources */ = {
			isa = PBXSourcesBuildPhase;
			buildActionMask = 2147483647;
			files = (
				F783B67D3023700000326355 /* VideoPlaybackView.swift in Sources */,
				F783B69D3023700000326355 /* TheaterView.swift in Sources */,
				F7C0FF00000000000000A011 /* MPVVideoView.swift in Sources */,
				F783B6853023800000326355 /* TransfersView.swift in Sources */,
				F783B68C3023900000326355 /* ActiveTransferHUD.swift in Sources */,
				F783B6933024000000326355 /* SettingsView.swift in Sources */,
				F783B6953024000000326355 /* OnboardingView.swift in Sources */,
				F783B6973024000000326355 /* AboutView.swift in Sources */,
				F783B6A13024000000326355 /* MiniPlayerView.swift in Sources */,
				F783B6A33024000000326355 /* MiniTransfersView.swift in Sources */,
				F783B6A53024000000326355 /* LiquidMorphingFAB.swift in Sources */,
				F783B7013025000000326355 /* NotesView.swift in Sources */,
				F783B7033025000000326355 /* NoteEditorSheet.swift in Sources */,
				F7A1B00100000000000000A1 /* BookReaderView.swift in Sources */,
				F7A1B00200000000000000A1 /* PhotosGridView.swift in Sources */,
				F7A1B00300000000000000A1 /* VideosGridView.swift in Sources */,
				F7A1B00400000000000000A1 /* MediaGridShared.swift in Sources */,
				F71DD58C3023306500135A65 /* GlassButtonStyle.swift in Sources */,
				F783B672302364AF00326355 /* FileBrowserView.swift in Sources */,
				F783B6683023416F00326355 /* TelegramSetupView.swift in Sources */,
				F71DD58030232BDC00135A65 /* AppBackground.swift in Sources */,
				F783B67830236D5C00326355 /* TerminationHandler.swift in Sources */,
				F71DD54D3023297400135A65 /* xCloudApp.swift in Sources */,
				F71DD58830232FF300135A65 /* XTheme.swift in Sources */,
				F783B66A3023476900326355 /* LoginView.swift in Sources */,
				F71DD57E30232BBF00135A65 /* SidebarView.swift in Sources */,
				F71DD57930232A9500135A65 /* AppState.swift in Sources */,
				F71DD58A3023304400135A65 /* GlassCard.swift in Sources */,
				F71DD57C30232B4500135A65 /* RootView.swift in Sources */,
			);
			runOnlyForDeploymentPostprocessing = 0;
		};
		F71DD5523023297500135A65 /* Sources */ = {
			isa = PBXSourcesBuildPhase;
			buildActionMask = 2147483647;
			files = (
			);
			runOnlyForDeploymentPostprocessing = 0;
		};
		F71DD55C3023297500135A65 /* Sources */ = {
			isa = PBXSourcesBuildPhase;
			buildActionMask = 2147483647;
			files = (
			);
			runOnlyForDeploymentPostprocessing = 0;
		};
/* End PBXSourcesBuildPhase section */

/* Begin PBXTargetDependency section */
		F71DD5583023297500135A65 /* PBXTargetDependency */ = {
			isa = PBXTargetDependency;
			target = F71DD5483023297400135A65 /* xCloud */;
			targetProxy = F71DD5573023297500135A65 /* PBXContainerItemProxy */;
		};
		F71DD5623023297500135A65 /* PBXTargetDependency */ = {
			isa = PBXTargetDependency;
			target = F71DD5483023297400135A65 /* xCloud */;
			targetProxy = F71DD5613023297500135A65 /* PBXContainerItemProxy */;
		};
/* End PBXTargetDependency section */

/* Begin XCBuildConfiguration section */
		F71DD5683023297500135A65 /* Debug */ = {
			isa = XCBuildConfiguration;
			buildSettings = {
				ALWAYS_SEARCH_USER_PATHS = NO;
				ASSETCATALOG_COMPILER_GENERATE_SWIFT_ASSET_SYMBOL_EXTENSIONS = YES;
				CLANG_ANALYZER_NONNULL = YES;
				CLANG_ANALYZER_NUMBER_OBJECT_CONVERSION = YES_AGGRESSIVE;
				CLANG_CXX_LANGUAGE_STANDARD = "gnu++20";
				CLANG_ENABLE_MODULES = YES;
				CLANG_ENABLE_OBJC_ARC = YES;
				CLANG_ENABLE_OBJC_WEAK = YES;
				CLANG_WARN_BLOCK_CAPTURE_AUTORELEASING = YES;
				CLANG_WARN_BOOL_CONVERSION = YES;
				CLANG_WARN_COMMA = YES;
				CLANG_WARN_CONSTANT_CONVERSION = YES;
				CLANG_WARN_DEPRECATED_OBJC_IMPLEMENTATIONS = YES;
				CLANG_WARN_DIRECT_OBJC_ISA_USAGE = YES_ERROR;
				CLANG_WARN_DOCUMENTATION_COMMENTS = YES;
				CLANG_WARN_EMPTY_BODY = YES;
				CLANG_WARN_ENUM_CONVERSION = YES;
				CLANG_WARN_INFINITE_RECURSION = YES;
				CLANG_WARN_INT_CONVERSION = YES;
				CLANG_WARN_NON_LITERAL_NULL_CONVERSION = YES;
				CLANG_WARN_OBJC_IMPLICIT_RETAIN_SELF = YES;
				CLANG_WARN_OBJC_LITERAL_CONVERSION = YES;
				CLANG_WARN_OBJC_ROOT_CLASS = YES_ERROR;
				CLANG_WARN_QUOTED_INCLUDE_IN_FRAMEWORK_HEADER = YES;
				CLANG_WARN_RANGE_LOOP_ANALYSIS = YES;
				CLANG_WARN_STRICT_PROTOTYPES = YES;
				CLANG_WARN_SUSPICIOUS_MOVE = YES;
				CLANG_WARN_UNGUARDED_AVAILABILITY = YES_AGGRESSIVE;
				CLANG_WARN_UNREACHABLE_CODE = YES;
				CLANG_WARN__DUPLICATE_METHOD_MATCH = YES;
				COPY_PHASE_STRIP = NO;
				DEBUG_INFORMATION_FORMAT = dwarf;
				DEVELOPMENT_TEAM = A6388Z7T5U;
				ENABLE_STRICT_OBJC_MSGSEND = YES;
				ENABLE_TESTABILITY = YES;
				ENABLE_USER_SCRIPT_SANDBOXING = YES;
				GCC_C_LANGUAGE_STANDARD = gnu17;
				GCC_DYNAMIC_NO_PIC = NO;
				GCC_NO_COMMON_BLOCKS = YES;
				GCC_OPTIMIZATION_LEVEL = 0;
				GCC_PREPROCESSOR_DEFINITIONS = (
					"DEBUG=1",
					"$(inherited)",
				);
				GCC_WARN_64_TO_32_BIT_CONVERSION = YES;
				GCC_WARN_ABOUT_RETURN_TYPE = YES_ERROR;
				GCC_WARN_UNDECLARED_SELECTOR = YES;
				GCC_WARN_UNINITIALIZED_AUTOS = YES_AGGRESSIVE;
				GCC_WARN_UNUSED_FUNCTION = YES;
				GCC_WARN_UNUSED_VARIABLE = YES;
				LOCALIZATION_PREFERS_STRING_CATALOGS = YES;
				MACOSX_DEPLOYMENT_TARGET = 26.5;
				MTL_ENABLE_DEBUG_INFO = INCLUDE_SOURCE;
				MTL_FAST_MATH = YES;
				ONLY_ACTIVE_ARCH = YES;
				SDKROOT = macosx;
				SWIFT_ACTIVE_COMPILATION_CONDITIONS = "DEBUG $(inherited)";
				SWIFT_OPTIMIZATION_LEVEL = "-Onone";
			};
			name = Debug;
		};
		F71DD5693023297500135A65 /* Release */ = {
			isa = XCBuildConfiguration;
			buildSettings = {
				ALWAYS_SEARCH_USER_PATHS = NO;
				ASSETCATALOG_COMPILER_GENERATE_SWIFT_ASSET_SYMBOL_EXTENSIONS = YES;
				CLANG_ANALYZER_NONNULL = YES;
				CLANG_ANALYZER_NUMBER_OBJECT_CONVERSION = YES_AGGRESSIVE;
				CLANG_CXX_LANGUAGE_STANDARD = "gnu++20";
				CLANG_ENABLE_MODULES = YES;
				CLANG_ENABLE_OBJC_ARC = YES;
				CLANG_ENABLE_OBJC_WEAK = YES;
				CLANG_WARN_BLOCK_CAPTURE_AUTORELEASING = YES;
				CLANG_WARN_BOOL_CONVERSION = YES;
				CLANG_WARN_COMMA = YES;
				CLANG_WARN_CONSTANT_CONVERSION = YES;
				CLANG_WARN_DEPRECATED_OBJC_IMPLEMENTATIONS = YES;
				CLANG_WARN_DIRECT_OBJC_ISA_USAGE = YES_ERROR;
				CLANG_WARN_DOCUMENTATION_COMMENTS = YES;
				CLANG_WARN_EMPTY_BODY = YES;
				CLANG_WARN_ENUM_CONVERSION = YES;
				CLANG_WARN_INFINITE_RECURSION = YES;
				CLANG_WARN_INT_CONVERSION = YES;
				CLANG_WARN_NON_LITERAL_NULL_CONVERSION = YES;
				CLANG_WARN_OBJC_IMPLICIT_RETAIN_SELF = YES;
				CLANG_WARN_OBJC_LITERAL_CONVERSION = YES;
				CLANG_WARN_OBJC_ROOT_CLASS = YES_ERROR;
				CLANG_WARN_QUOTED_INCLUDE_IN_FRAMEWORK_HEADER = YES;
				CLANG_WARN_RANGE_LOOP_ANALYSIS = YES;
				CLANG_WARN_STRICT_PROTOTYPES = YES;
				CLANG_WARN_SUSPICIOUS_MOVE = YES;
				CLANG_WARN_UNGUARDED_AVAILABILITY = YES_AGGRESSIVE;
				CLANG_WARN_UNREACHABLE_CODE = YES;
				CLANG_WARN__DUPLICATE_METHOD_MATCH = YES;
				COPY_PHASE_STRIP = NO;
				DEBUG_INFORMATION_FORMAT = "dwarf-with-dsym";
				DEVELOPMENT_TEAM = A6388Z7T5U;
				ENABLE_NS_ASSERTIONS = NO;
				ENABLE_STRICT_OBJC_MSGSEND = YES;
				ENABLE_USER_SCRIPT_SANDBOXING = YES;
				GCC_C_LANGUAGE_STANDARD = gnu17;
				GCC_NO_COMMON_BLOCKS = YES;
				GCC_WARN_64_TO_32_BIT_CONVERSION = YES;
				GCC_WARN_ABOUT_RETURN_TYPE = YES_ERROR;
				GCC_WARN_UNDECLARED_SELECTOR = YES;
				GCC_WARN_UNINITIALIZED_AUTOS = YES_AGGRESSIVE;
				GCC_WARN_UNUSED_FUNCTION = YES;
				GCC_WARN_UNUSED_VARIABLE = YES;
				LOCALIZATION_PREFERS_STRING_CATALOGS = YES;
				MACOSX_DEPLOYMENT_TARGET = 26.5;
				MTL_ENABLE_DEBUG_INFO = NO;
				MTL_FAST_MATH = YES;
				SDKROOT = macosx;
				SWIFT_COMPILATION_MODE = wholemodule;
			};
			name = Release;
		};
		F71DD56B3023297500135A65 /* Debug */ = {
			isa = XCBuildConfiguration;
			buildSettings = {
				ASSETCATALOG_COMPILER_APPICON_NAME = AppIcon;
				ASSETCATALOG_COMPILER_GLOBAL_ACCENT_COLOR_NAME = AccentColor;
				CODE_SIGN_STYLE = Automatic;
				COMBINE_HIDPI_IMAGES = YES;
				CURRENT_PROJECT_VERSION = 1;
				DEVELOPMENT_TEAM = A6388Z7T5U;
				ENABLE_APP_SANDBOX = NO;
				ENABLE_FILE_ACCESS_DOWNLOADS_FOLDER = readwrite;
				ENABLE_HARDENED_RUNTIME = YES;
				ENABLE_INCOMING_NETWORK_CONNECTIONS = YES;
				ENABLE_OUTGOING_NETWORK_CONNECTIONS = YES;
				ENABLE_PREVIEWS = YES;
				ENABLE_RESOURCE_ACCESS_AUDIO_INPUT = NO;
				ENABLE_RESOURCE_ACCESS_BLUETOOTH = NO;
				ENABLE_RESOURCE_ACCESS_CALENDARS = NO;
				ENABLE_RESOURCE_ACCESS_CAMERA = NO;
				ENABLE_RESOURCE_ACCESS_CONTACTS = NO;
				ENABLE_RESOURCE_ACCESS_LOCATION = NO;
				ENABLE_RESOURCE_ACCESS_PRINTING = NO;
				ENABLE_RESOURCE_ACCESS_USB = NO;
				ENABLE_USER_SELECTED_FILES = readonly;
				GENERATE_INFOPLIST_FILE = YES;
				INFOPLIST_FILE = "App/Info.plist";
				INFOPLIST_KEY_NSHumanReadableCopyright = "";
				LD_RUNPATH_SEARCH_PATHS = (
					"$(inherited)",
					"@executable_path/../Frameworks",
				);
				MARKETING_VERSION = 1.0;
				PRODUCT_BUNDLE_IDENTIFIER = com.nemesys.xcloud.xCloud;
				PRODUCT_NAME = "$(TARGET_NAME)";
				REGISTER_APP_GROUPS = YES;
				STRING_CATALOG_GENERATE_SYMBOLS = YES;
				SWIFT_APPROACHABLE_CONCURRENCY = YES;
				SWIFT_DEFAULT_ACTOR_ISOLATION = MainActor;
				SWIFT_EMIT_LOC_STRINGS = YES;
				SWIFT_UPCOMING_FEATURE_MEMBER_IMPORT_VISIBILITY = YES;
				SWIFT_VERSION = 5.0;
			};
			name = Debug;
		};
		F71DD56C3023297500135A65 /* Release */ = {
			isa = XCBuildConfiguration;
			buildSettings = {
				ASSETCATALOG_COMPILER_APPICON_NAME = AppIcon;
				ASSETCATALOG_COMPILER_GLOBAL_ACCENT_COLOR_NAME = AccentColor;
				CODE_SIGN_STYLE = Automatic;
				COMBINE_HIDPI_IMAGES = YES;
				CURRENT_PROJECT_VERSION = 1;
				DEVELOPMENT_TEAM = A6388Z7T5U;
				ENABLE_APP_SANDBOX = NO;
				ENABLE_FILE_ACCESS_DOWNLOADS_FOLDER = readwrite;
				ENABLE_HARDENED_RUNTIME = YES;
				ENABLE_INCOMING_NETWORK_CONNECTIONS = YES;
				ENABLE_OUTGOING_NETWORK_CONNECTIONS = YES;
				ENABLE_PREVIEWS = YES;
				ENABLE_RESOURCE_ACCESS_AUDIO_INPUT = NO;
				ENABLE_RESOURCE_ACCESS_BLUETOOTH = NO;
				ENABLE_RESOURCE_ACCESS_CALENDARS = NO;
				ENABLE_RESOURCE_ACCESS_CAMERA = NO;
				ENABLE_RESOURCE_ACCESS_CONTACTS = NO;
				ENABLE_RESOURCE_ACCESS_LOCATION = NO;
				ENABLE_RESOURCE_ACCESS_PRINTING = NO;
				ENABLE_RESOURCE_ACCESS_USB = NO;
				ENABLE_USER_SELECTED_FILES = readonly;
				GENERATE_INFOPLIST_FILE = YES;
				INFOPLIST_FILE = "App/Info.plist";
				INFOPLIST_KEY_NSHumanReadableCopyright = "";
				LD_RUNPATH_SEARCH_PATHS = (
					"$(inherited)",
					"@executable_path/../Frameworks",
				);
				MARKETING_VERSION = 1.0;
				PRODUCT_BUNDLE_IDENTIFIER = com.nemesys.xcloud.xCloud;
				PRODUCT_NAME = "$(TARGET_NAME)";
				REGISTER_APP_GROUPS = YES;
				STRING_CATALOG_GENERATE_SYMBOLS = YES;
				SWIFT_APPROACHABLE_CONCURRENCY = YES;
				SWIFT_DEFAULT_ACTOR_ISOLATION = MainActor;
				SWIFT_EMIT_LOC_STRINGS = YES;
				SWIFT_UPCOMING_FEATURE_MEMBER_IMPORT_VISIBILITY = YES;
				SWIFT_VERSION = 5.0;
			};
			name = Release;
		};
		F71DD56E3023297500135A65 /* Debug */ = {
			isa = XCBuildConfiguration;
			buildSettings = {
				BUNDLE_LOADER = "$(TEST_HOST)";
				CODE_SIGN_STYLE = Automatic;
				CURRENT_PROJECT_VERSION = 1;
				DEVELOPMENT_TEAM = A6388Z7T5U;
				GENERATE_INFOPLIST_FILE = YES;
				MACOSX_DEPLOYMENT_TARGET = 26.5;
				MARKETING_VERSION = 1.0;
				PRODUCT_BUNDLE_IDENTIFIER = com.nemesys.xcloud.xCloudTests;
				PRODUCT_NAME = "$(TARGET_NAME)";
				STRING_CATALOG_GENERATE_SYMBOLS = NO;
				SWIFT_APPROACHABLE_CONCURRENCY = YES;
				SWIFT_EMIT_LOC_STRINGS = NO;
				SWIFT_UPCOMING_FEATURE_MEMBER_IMPORT_VISIBILITY = YES;
				SWIFT_VERSION = 5.0;
				TEST_HOST = "$(BUILT_PRODUCTS_DIR)/xCloud.app/$(BUNDLE_EXECUTABLE_FOLDER_PATH)/xCloud";
			};
			name = Debug;
		};
		F71DD56F3023297500135A65 /* Release */ = {
			isa = XCBuildConfiguration;
			buildSettings = {
				BUNDLE_LOADER = "$(TEST_HOST)";
				CODE_SIGN_STYLE = Automatic;
				CURRENT_PROJECT_VERSION = 1;
				DEVELOPMENT_TEAM = A6388Z7T5U;
				GENERATE_INFOPLIST_FILE = YES;
				MACOSX_DEPLOYMENT_TARGET = 26.5;
				MARKETING_VERSION = 1.0;
				PRODUCT_BUNDLE_IDENTIFIER = com.nemesys.xcloud.xCloudTests;
				PRODUCT_NAME = "$(TARGET_NAME)";
				STRING_CATALOG_GENERATE_SYMBOLS = NO;
				SWIFT_APPROACHABLE_CONCURRENCY = YES;
				SWIFT_EMIT_LOC_STRINGS = NO;
				SWIFT_UPCOMING_FEATURE_MEMBER_IMPORT_VISIBILITY = YES;
				SWIFT_VERSION = 5.0;
				TEST_HOST = "$(BUILT_PRODUCTS_DIR)/xCloud.app/$(BUNDLE_EXECUTABLE_FOLDER_PATH)/xCloud";
			};
			name = Release;
		};
		F71DD5713023297500135A65 /* Debug */ = {
			isa = XCBuildConfiguration;
			buildSettings = {
				CODE_SIGN_STYLE = Automatic;
				CURRENT_PROJECT_VERSION = 1;
				DEVELOPMENT_TEAM = A6388Z7T5U;
				GENERATE_INFOPLIST_FILE = YES;
				MARKETING_VERSION = 1.0;
				PRODUCT_BUNDLE_IDENTIFIER = com.nemesys.xcloud.xCloudUITests;
				PRODUCT_NAME = "$(TARGET_NAME)";
				STRING_CATALOG_GENERATE_SYMBOLS = NO;
				SWIFT_APPROACHABLE_CONCURRENCY = YES;
				SWIFT_EMIT_LOC_STRINGS = NO;
				SWIFT_UPCOMING_FEATURE_MEMBER_IMPORT_VISIBILITY = YES;
				SWIFT_VERSION = 5.0;
				TEST_TARGET_NAME = xCloud;
			};
			name = Debug;
		};
		F71DD5723023297500135A65 /* Release */ = {
			isa = XCBuildConfiguration;
			buildSettings = {
				CODE_SIGN_STYLE = Automatic;
				CURRENT_PROJECT_VERSION = 1;
				DEVELOPMENT_TEAM = A6388Z7T5U;
				GENERATE_INFOPLIST_FILE = YES;
				MARKETING_VERSION = 1.0;
				PRODUCT_BUNDLE_IDENTIFIER = com.nemesys.xcloud.xCloudUITests;
				PRODUCT_NAME = "$(TARGET_NAME)";
				STRING_CATALOG_GENERATE_SYMBOLS = NO;
				SWIFT_APPROACHABLE_CONCURRENCY = YES;
				SWIFT_EMIT_LOC_STRINGS = NO;
				SWIFT_UPCOMING_FEATURE_MEMBER_IMPORT_VISIBILITY = YES;
				SWIFT_VERSION = 5.0;
				TEST_TARGET_NAME = xCloud;
			};
			name = Release;
		};
/* End XCBuildConfiguration section */

/* Begin XCConfigurationList section */
		F71DD5443023297400135A65 /* Build configuration list for PBXProject "xCloud" */ = {
			isa = XCConfigurationList;
			buildConfigurations = (
				F71DD5683023297500135A65 /* Debug */,
				F71DD5693023297500135A65 /* Release */,
			);
			defaultConfigurationIsVisible = 0;
			defaultConfigurationName = Release;
		};
		F71DD56A3023297500135A65 /* Build configuration list for PBXNativeTarget "xCloud" */ = {
			isa = XCConfigurationList;
			buildConfigurations = (
				F71DD56B3023297500135A65 /* Debug */,
				F71DD56C3023297500135A65 /* Release */,
			);
			defaultConfigurationIsVisible = 0;
			defaultConfigurationName = Release;
		};
		F71DD56D3023297500135A65 /* Build configuration list for PBXNativeTarget "xCloudTests" */ = {
			isa = XCConfigurationList;
			buildConfigurations = (
				F71DD56E3023297500135A65 /* Debug */,
				F71DD56F3023297500135A65 /* Release */,
			);
			defaultConfigurationIsVisible = 0;
			defaultConfigurationName = Release;
		};
		F71DD5703023297500135A65 /* Build configuration list for PBXNativeTarget "xCloudUITests" */ = {
			isa = XCConfigurationList;
			buildConfigurations = (
				F71DD5713023297500135A65 /* Debug */,
				F71DD5723023297500135A65 /* Release */,
			);
			defaultConfigurationIsVisible = 0;
			defaultConfigurationName = Release;
		};
/* End XCConfigurationList section */

/* Begin XCRemoteSwiftPackageReference section */
		F783B64F3023365500326355 /* XCRemoteSwiftPackageReference "GRDB" */ = {
			isa = XCRemoteSwiftPackageReference;
			repositoryURL = "https://github.com/groue/GRDB.swift";
			requirement = {
				kind = upToNextMajorVersion;
				minimumVersion = 7.0.0;
			};
		};
		F783B660302340F500326355 /* XCRemoteSwiftPackageReference "TDLibKit" */ = {
			isa = XCRemoteSwiftPackageReference;
			repositoryURL = "https://github.com/Swiftgram/TDLibKit";
			requirement = {
				kind = upToNextMajorVersion;
				minimumVersion = "1.5.2-tdlib-1.8.66-022d6020";
			};
		};
/* End XCRemoteSwiftPackageReference section */

/* Begin XCLocalSwiftPackageReference section */
		F7C0FF00000000000000A000 /* XCLocalSwiftPackageReference "LocalPackages/LocalMPVKit" */ = {
			isa = XCLocalSwiftPackageReference;
			relativePath = LocalPackages/LocalMPVKit;
		};
/* End XCLocalSwiftPackageReference section */

/* Begin XCSwiftPackageProductDependency section */
		F783B6503023365500326355 /* GRDB */ = {
			isa = XCSwiftPackageProductDependency;
			package = F783B64F3023365500326355 /* XCRemoteSwiftPackageReference "GRDB" */;
			productName = GRDB;
		};
		F783B661302340F500326355 /* TDLibKit */ = {
			isa = XCSwiftPackageProductDependency;
			package = F783B660302340F500326355 /* XCRemoteSwiftPackageReference "TDLibKit" */;
			productName = TDLibKit;
		};
		F7C0FF00000000000000A001 /* MPVKit */ = {
			isa = XCSwiftPackageProductDependency;
			productName = MPVKit;
		};
/* End XCSwiftPackageProductDependency section */
	};
	rootObject = F71DD5413023297400135A65 /* Project object */;
}
